
Microsoft Visual Studio Solution File, Format Version 12.00
# Visual Studio Version 17
VisualStudioVersion = 17.3.32929.385
MinimumVisualStudioVersion = 10.0.40219.1
Project("{FAE04EC0-301F-11D3-BF4B-00C04F79EFBC}") = "Bilet1", "Bilet1\Bilet1.csproj", "{372C896E-3ECE-4944-8FD2-07F0902FE5FE}"
EndProject
Project("{FAE04EC0-301F-11D3-BF4B-00C04F79EFBC}") = "Core", "Core\Core.csproj", "{3CB5A39B-935B-42E4-A970-59AD12FA0295}"
EndProject
Project("{FAE04EC0-301F-11D3-BF4B-00C04F79EFBC}") = "DataAccess", "DataAccess\DataAccess.csproj", "{ED6C55A0-FCC3-4A75-A21E-192025DFB021}"
EndProject
Global
	GlobalSection(SolutionConfigurationPlatforms) = preSolution
		Debug|Any CPU = Debug|Any CPU
		Release|Any CPU = Release|Any CPU
	EndGlobalSection
	GlobalSection(ProjectConfigurationPlatforms) = postSolution
		{372C896E-3ECE-4944-8FD2-07F0902FE5FE}.Debug|Any CPU.ActiveCfg = Debug|Any CPU
		{372C896E-3ECE-4944-8FD2-07F0902FE5FE}.Debug|Any CPU.Build.0 = Debug|Any CPU
		{372C896E-3ECE-4944-8FD2-07F0902FE5FE}.Release|Any CPU.ActiveCfg = Release|Any CPU
		{372C896E-3ECE-4944-8FD2-07F0902FE5FE}.Release|Any CPU.Build.0 = Release|Any CPU
		{3CB5A39B-935B-42E4-A970-59AD12FA0295}.Debug|Any CPU.ActiveCfg = Debug|Any CPU
		{3CB5A39B-935B-42E4-A970-59AD12FA0295}.Debug|Any CPU.Build.0 = Debug|Any CPU
		{3CB5A39B-935B-42E4-A970-59AD12FA0295}.Release|Any CPU.ActiveCfg = Release|Any CPU
		{3CB5A39B-935B-42E4-A970-59AD12FA0295}.Release|Any CPU.Build.0 = Release|Any CPU
		{ED6C55A0-FCC3-4A75-A21E-192025DFB021}.Debug|Any CPU.ActiveCfg = Debug|Any CPU
		{ED6C55A0-FCC3-4A75-A21E-192025DFB021}.Debug|Any CPU.Build.0 = Debug|Any CPU
		{ED6C55A0-FCC3-4A75-A21E-192025DFB021}.Release|Any CPU.ActiveCfg = Release|Any CPU
		{ED6C55A0-FCC3-4A75-A21E-192025DFB021}.Release|Any CPU.Build.0 = Release|Any CPU
	EndGlobalSection
	GlobalSection(SolutionProperties) = preSolution
		HideSolutionNode = FALSE
	EndGlobalSection
	GlobalSection(ExtensibilityGlobals) = postSolution
		SolutionGuid = {C28F5C4C-2516-4FA9-9D6B-2A2F5F2BDD8E}
	EndGlobalSection
EndGlobal
